
Microsoft Visual Studio Solution File, Format Version 12.00
# Visual Studio Version 16
VisualStudioVersion = 16.0.30413.136
MinimumVisualStudioVersion = 10.0.40219.1
Project("{FAE04EC0-301F-11D3-BF4B-00C04F79EFBC}") = "snakes and ladders", "snakes and ladders\snakes and ladders.csproj", "{777E64FF-8CCA-4F5B-8F6C-3BAE05680D69}"
EndProject
Global
	GlobalSection(SolutionConfigurationPlatforms) = preSolution
		Debug|Any CPU = Debug|Any CPU
		Release|Any CPU = Release|Any CPU
	EndGlobalSection
	GlobalSection(ProjectConfigurationPlatforms) = postSolution
		{777E64FF-8CCA-4F5B-8F6C-3BAE05680D69}.Debug|Any CPU.ActiveCfg = Debug|Any CPU
		{777E64FF-8CCA-4F5B-8F6C-3BAE05680D69}.Debug|Any CPU.Build.0 = Debug|Any CPU
		{777E64FF-8CCA-4F5B-8F6C-3BAE05680D69}.Debug|Any CPU.Deploy.0 = Debug|Any CPU
		{777E64FF-8CCA-4F5B-8F6C-3BAE05680D69}.Release|Any CPU.ActiveCfg = Release|Any CPU
		{777E64FF-8CCA-4F5B-8F6C-3BAE05680D69}.Release|Any CPU.Build.0 = Release|Any CPU
		{777E64FF-8CCA-4F5B-8F6C-3BAE05680D69}.Release|Any CPU.Deploy.0 = Release|Any CPU
	EndGlobalSection
	GlobalSection(SolutionProperties) = preSolution
		HideSolutionNode = FALSE
	EndGlobalSection
	GlobalSection(ExtensibilityGlobals) = postSolution
		SolutionGuid = {FC685C01-4ABC-49DB-BC04-0B1131F21B40}
	EndGlobalSection
EndGlobal
